
Microsoft Visual Studio Solution File, Format Version 12.00
# Visual Studio Version 16
VisualStudioVersion = 16.0.31729.503
MinimumVisualStudioVersion = 10.0.40219.1
Project("{FAE04EC0-301F-11D3-BF4B-00C04F79EFBC}") = "Snake", "Snake\Snake.csproj", "{6523A7BA-EF7B-49A7-BE64-18674D2F1AB0}"
EndProject
Global
	GlobalSection(SolutionConfigurationPlatforms) = preSolution
		Debug|Any CPU = Debug|Any CPU
		Release|Any CPU = Release|Any CPU
	EndGlobalSection
	GlobalSection(ProjectConfigurationPlatforms) = postSolution
		{6523A7BA-EF7B-49A7-BE64-18674D2F1AB0}.Debug|Any CPU.ActiveCfg = Debug|Any CPU
		{6523A7BA-EF7B-49A7-BE64-18674D2F1AB0}.Debug|Any CPU.Build.0 = Debug|Any CPU
		{6523A7BA-EF7B-49A7-BE64-18674D2F1AB0}.Release|Any CPU.ActiveCfg = Release|Any CPU
		{6523A7BA-EF7B-49A7-BE64-18674D2F1AB0}.Release|Any CPU.Build.0 = Release|Any CPU
	EndGlobalSection
	GlobalSection(SolutionProperties) = preSolution
		HideSolutionNode = FALSE
	EndGlobalSection
	GlobalSection(ExtensibilityGlobals) = postSolution
		SolutionGuid = {55E89B7C-7625-4406-8CBB-4379288BBA1E}
	EndGlobalSection
EndGlobal
